
Microsoft Visual Studio Solution File, Format Version 12.00
# Visual Studio 15
VisualStudioVersion = 15.0.27130.2024
MinimumVisualStudioVersion = 10.0.40219.1
Project("{9A19103F-16F7-4668-BE54-9A1E7A4F7556}") = "NEO_Block_API", "NEO_Block_API\NEO_Block_API.csproj", "{79A9222C-89EE-443E-8D6A-9D471E569F69}"
EndProject
Project("{9A19103F-16F7-4668-BE54-9A1E7A4F7556}") = "llvm", "..\..\neo-thinsdk-cs-master\llvm\llvm.csproj", "{6A1CC76F-6B69-46FD-B245-453BCAE4A65F}"
EndProject
Project("{9A19103F-16F7-4668-BE54-9A1E7A4F7556}") = "thinSDK", "..\..\neo-thinsdk-cs-master\thinSDK\thinSDK.csproj", "{83FCE203-C42F-44A3-963C-C2A7732EEB2A}"
EndProject
Project("{9A19103F-16F7-4668-BE54-9A1E7A4F7556}") = "thinSDK_neo", "..\..\neo-thinsdk-cs-master\thinSDK_neo\thinSDK_neo.csproj", "{E0A5FD7E-05FD-41F7-862F-FA247DA6C745}"
EndProject
Global
	GlobalSection(SolutionConfigurationPlatforms) = preSolution
		Debug|Any CPU = Debug|Any CPU
		Release|Any CPU = Release|Any CPU
	EndGlobalSection
	GlobalSection(ProjectConfigurationPlatforms) = postSolution
		{79A9222C-89EE-443E-8D6A-9D471E569F69}.Debug|Any CPU.ActiveCfg = Debug|Any CPU
		{79A9222C-89EE-443E-8D6A-9D471E569F69}.Debug|Any CPU.Build.0 = Debug|Any CPU
		{79A9222C-89EE-443E-8D6A-9D471E569F69}.Release|Any CPU.ActiveCfg = Release|Any CPU
		{79A9222C-89EE-443E-8D6A-9D471E569F69}.Release|Any CPU.Build.0 = Release|Any CPU
		{6A1CC76F-6B69-46FD-B245-453BCAE4A65F}.Debug|Any CPU.ActiveCfg = Debug|Any CPU
		{6A1CC76F-6B69-46FD-B245-453BCAE4A65F}.Debug|Any CPU.Build.0 = Debug|Any CPU
		{6A1CC76F-6B69-46FD-B245-453BCAE4A65F}.Release|Any CPU.ActiveCfg = Release|Any CPU
		{6A1CC76F-6B69-46FD-B245-453BCAE4A65F}.Release|Any CPU.Build.0 = Release|Any CPU
		{83FCE203-C42F-44A3-963C-C2A7732EEB2A}.Debug|Any CPU.ActiveCfg = Debug|Any CPU
		{83FCE203-C42F-44A3-963C-C2A7732EEB2A}.Debug|Any CPU.Build.0 = Debug|Any CPU
		{83FCE203-C42F-44A3-963C-C2A7732EEB2A}.Release|Any CPU.ActiveCfg = Release|Any CPU
		{83FCE203-C42F-44A3-963C-C2A7732EEB2A}.Release|Any CPU.Build.0 = Release|Any CPU
		{E0A5FD7E-05FD-41F7-862F-FA247DA6C745}.Debug|Any CPU.ActiveCfg = Debug|Any CPU
		{E0A5FD7E-05FD-41F7-862F-FA247DA6C745}.Debug|Any CPU.Build.0 = Debug|Any CPU
		{E0A5FD7E-05FD-41F7-862F-FA247DA6C745}.Release|Any CPU.ActiveCfg = Release|Any CPU
		{E0A5FD7E-05FD-41F7-862F-FA247DA6C745}.Release|Any CPU.Build.0 = Release|Any CPU
	EndGlobalSection
	GlobalSection(SolutionProperties) = preSolution
		HideSolutionNode = FALSE
	EndGlobalSection
	GlobalSection(ExtensibilityGlobals) = postSolution
		SolutionGuid = {890E4A31-074D-4CC4-8F6C-3A00FE2557F5}
	EndGlobalSection
EndGlobal
